{
  "name": "assetiq-backend",
  "version": "0.1.0",
  "lockfileVersion": 3,
  "requires": true,
  "packages": {
    "": {
      "name": "assetiq-backend",
      "version": "0.1.0",
      "dependencies": {
        "@vectorize-io/hindsight-client": "^0.10.1",
        "dotenv": "^16.4.5"
      }
    },
    "node_modules/@vectorize-io/hindsight-client": {
      "version": "0.10.1",
      "resolved": "https://registry.npmjs.org/@vectorize-io/hindsight-client/-/hindsight-client-0.10.1.tgz",
      "integrity": "sha512-83FsMz/FyFwKooN1KsBZq4cWLB4RJQcTTnmxpZ0n4bXZih1iySLCtR88OAuqhqSnT3ajw4Nx5Oa8OwrrBuI6Lw==",
      "license": "MIT"
    },
    "node_modules/dotenv": {
      "version": "16.6.1",
      "resolved": "https://registry.npmjs.org/dotenv/-/dotenv-16.6.1.tgz",
      "integrity": "sha512-uBq4egWHTcTt33a72vpSG0z3HnPuIl6NqYcTrKEg2azoEyl2hpW0zqlxysq2pK9HlDIHyHyakeYaYnSAwd8bow==",
      "license": "BSD-2-Clause",
      "engines": {
        "node": ">=12"
      },
      "funding": {
        "url": "https://dotenvx.com"
      }
    }
  }
}
